{
  "nodes": {
    "nixpkgs": {
      "locked": {
        "lastModified": 1615741826,
        "narHash": "sha256-hS/OG1yFwKRxh5iFlYLbxAz8aBJPFWnbcRdIj0fqVBU=",
        "owner": "NixOS",
        "repo": "nixpkgs",
        "rev": "e1ac66bd970b2a1d4a54d69a0a10a66a8db52f0c",
        "type": "github"
      },
      "original": {
        "id": "nixpkgs",
        "type": "indirect"
      }
    },
    "root": {
      "inputs": {
        "nixpkgs": "nixpkgs"
      }
    }
  },
  "root": "root",
  "version": 7
}
