{
  "nodes": {
    "nixpkgs": {
      "locked": {
        "lastModified": 1615932311,
        "narHash": "sha256-lOT/ChStDN2I/pjRNml0MGhxoivQDZ6CNdnuL6axBuQ=",
        "owner": "NixOS",
        "repo": "nixpkgs",
        "rev": "68d6ffc8d519df66dc2d233f8d8e71244b8a8529",
        "type": "github"
      },
      "original": {
        "id": "nixpkgs",
        "type": "indirect"
      }
    },
    "root": {
      "inputs": {
        "nixpkgs": "nixpkgs"
      }
    }
  },
  "root": "root",
  "version": 7
}
