{
  "nodes": {
    "nixpkgs": {
      "locked": {
        "lastModified": 1615908761,
        "narHash": "sha256-+HlrVnQOp20/Du7Ltez8JLRvdgjgujCwbb4a2pBPamE=",
        "owner": "NixOS",
        "repo": "nixpkgs",
        "rev": "45a014f4796a0b3051652ae23d7bcb72823cb742",
        "type": "github"
      },
      "original": {
        "id": "nixpkgs",
        "type": "indirect"
      }
    },
    "root": {
      "inputs": {
        "nixpkgs": "nixpkgs"
      }
    }
  },
  "root": "root",
  "version": 7
}
